Microsoft Visual Studio Solution File, Format Version 12.00
# Visual Studio Version 17
VisualStudioVersion = 17.5.2.0
MinimumVisualStudioVersion = 10.0.40219.1
Project("{FAE04EC0-301F-11D3-BF4B-00C04F79EFBC}") = "JobAppTrackingBackend", "JobAppTrackingBackend.csproj", "{5319299C-8AA2-8BF9-7DEE-B504AB4C9FD0}"
EndProject
Global
	GlobalSection(SolutionConfigurationPlatforms) = preSolution
		Debug|Any CPU = Debug|Any CPU
		Release|Any CPU = Release|Any CPU
	EndGlobalSection
	GlobalSection(ProjectConfigurationPlatforms) = postSolution
		{5319299C-8AA2-8BF9-7DEE-B504AB4C9FD0}.Debug|Any CPU.ActiveCfg = Debug|Any CPU
		{5319299C-8AA2-8BF9-7DEE-B504AB4C9FD0}.Debug|Any CPU.Build.0 = Debug|Any CPU
		{5319299C-8AA2-8BF9-7DEE-B504AB4C9FD0}.Release|Any CPU.ActiveCfg = Release|Any CPU
		{5319299C-8AA2-8BF9-7DEE-B504AB4C9FD0}.Release|Any CPU.Build.0 = Release|Any CPU
	EndGlobalSection
	GlobalSection(SolutionProperties) = preSolution
		HideSolutionNode = FALSE
	EndGlobalSection
	GlobalSection(ExtensibilityGlobals) = postSolution
		SolutionGuid = {6E588E58-0677-4205-979D-283F2607593B}
	EndGlobalSection
EndGlobal
